
Microsoft Visual Studio Solution File, Format Version 12.00
# Visual Studio Version 17
VisualStudioVersion = 17.0.31919.166
MinimumVisualStudioVersion = 10.0.40219.1
Project("{FAE04EC0-301F-11D3-BF4B-00C04F79EFBC}") = "Guia_Polimorfismo_Ej02", "Guia_Polimorfismo_Ej02\Guia_Polimorfismo_Ej02.csproj", "{DC8810DD-0E5E-49DF-B1C2-8C7C95672700}"
EndProject
Project("{FAE04EC0-301F-11D3-BF4B-00C04F79EFBC}") = "Consola_Polimorfismo_Ej02", "Consola_Polimorfismo_Ej02\Consola_Polimorfismo_Ej02.csproj", "{29C91B36-D841-4322-B135-B68E61E568B7}"
EndProject
Global
	GlobalSection(SolutionConfigurationPlatforms) = preSolution
		Debug|Any CPU = Debug|Any CPU
		Release|Any CPU = Release|Any CPU
	EndGlobalSection
	GlobalSection(ProjectConfigurationPlatforms) = postSolution
		{DC8810DD-0E5E-49DF-B1C2-8C7C95672700}.Debug|Any CPU.ActiveCfg = Debug|Any CPU
		{DC8810DD-0E5E-49DF-B1C2-8C7C95672700}.Debug|Any CPU.Build.0 = Debug|Any CPU
		{DC8810DD-0E5E-49DF-B1C2-8C7C95672700}.Release|Any CPU.ActiveCfg = Release|Any CPU
		{DC8810DD-0E5E-49DF-B1C2-8C7C95672700}.Release|Any CPU.Build.0 = Release|Any CPU
		{29C91B36-D841-4322-B135-B68E61E568B7}.Debug|Any CPU.ActiveCfg = Debug|Any CPU
		{29C91B36-D841-4322-B135-B68E61E568B7}.Debug|Any CPU.Build.0 = Debug|Any CPU
		{29C91B36-D841-4322-B135-B68E61E568B7}.Release|Any CPU.ActiveCfg = Release|Any CPU
		{29C91B36-D841-4322-B135-B68E61E568B7}.Release|Any CPU.Build.0 = Release|Any CPU
	EndGlobalSection
	GlobalSection(SolutionProperties) = preSolution
		HideSolutionNode = FALSE
	EndGlobalSection
	GlobalSection(ExtensibilityGlobals) = postSolution
		SolutionGuid = {53805A5A-DD49-4681-8EB0-86D7A9044B1D}
	EndGlobalSection
EndGlobal
