
Microsoft Visual Studio Solution File, Format Version 12.00
# Visual Studio Version 17
VisualStudioVersion = 17.0.31919.166
MinimumVisualStudioVersion = 10.0.40219.1
Project("{FAE04EC0-301F-11D3-BF4B-00C04F79EFBC}") = "Guia_Herencia_EjC02", "Guia_Herencia_EjC02\Guia_Herencia_EjC02.csproj", "{048629C8-8EAC-4924-A275-6C4CA6701AF1}"
EndProject
Project("{FAE04EC0-301F-11D3-BF4B-00C04F79EFBC}") = "Consola_Herencia_EjC02", "Consola_Herencia_EjC02\Consola_Herencia_EjC02.csproj", "{DCAA61DE-0E7B-4CE8-98C7-4184A43C576D}"
EndProject
Global
	GlobalSection(SolutionConfigurationPlatforms) = preSolution
		Debug|Any CPU = Debug|Any CPU
		Release|Any CPU = Release|Any CPU
	EndGlobalSection
	GlobalSection(ProjectConfigurationPlatforms) = postSolution
		{048629C8-8EAC-4924-A275-6C4CA6701AF1}.Debug|Any CPU.ActiveCfg = Debug|Any CPU
		{048629C8-8EAC-4924-A275-6C4CA6701AF1}.Debug|Any CPU.Build.0 = Debug|Any CPU
		{048629C8-8EAC-4924-A275-6C4CA6701AF1}.Release|Any CPU.ActiveCfg = Release|Any CPU
		{048629C8-8EAC-4924-A275-6C4CA6701AF1}.Release|Any CPU.Build.0 = Release|Any CPU
		{DCAA61DE-0E7B-4CE8-98C7-4184A43C576D}.Debug|Any CPU.ActiveCfg = Debug|Any CPU
		{DCAA61DE-0E7B-4CE8-98C7-4184A43C576D}.Debug|Any CPU.Build.0 = Debug|Any CPU
		{DCAA61DE-0E7B-4CE8-98C7-4184A43C576D}.Release|Any CPU.ActiveCfg = Release|Any CPU
		{DCAA61DE-0E7B-4CE8-98C7-4184A43C576D}.Release|Any CPU.Build.0 = Release|Any CPU
	EndGlobalSection
	GlobalSection(SolutionProperties) = preSolution
		HideSolutionNode = FALSE
	EndGlobalSection
	GlobalSection(ExtensibilityGlobals) = postSolution
		SolutionGuid = {F11A3649-BFEB-4C3B-A523-66C7D01C567A}
	EndGlobalSection
EndGlobal
