
Microsoft Visual Studio Solution File, Format Version 12.00
# Visual Studio Version 17
VisualStudioVersion = 17.0.31919.166
MinimumVisualStudioVersion = 10.0.40219.1
Project("{FAE04EC0-301F-11D3-BF4B-00C04F79EFBC}") = "Guia_ConversorBinarioRec_ EjC01", "Guia_ConversorBinarioRec_ EjC01\Guia_ConversorBinarioRec_ EjC01.csproj", "{B28DED15-B04C-4F61-A45C-46853BAAA13E}"
EndProject
Project("{FAE04EC0-301F-11D3-BF4B-00C04F79EFBC}") = "Consola_ConversorBinario", "Consola_ConversorBinario\Consola_ConversorBinario.csproj", "{F433F9F7-BAD9-41A9-8BCA-9A0C933DFCEF}"
EndProject
Global
	GlobalSection(SolutionConfigurationPlatforms) = preSolution
		Debug|Any CPU = Debug|Any CPU
		Release|Any CPU = Release|Any CPU
	EndGlobalSection
	GlobalSection(ProjectConfigurationPlatforms) = postSolution
		{B28DED15-B04C-4F61-A45C-46853BAAA13E}.Debug|Any CPU.ActiveCfg = Debug|Any CPU
		{B28DED15-B04C-4F61-A45C-46853BAAA13E}.Debug|Any CPU.Build.0 = Debug|Any CPU
		{B28DED15-B04C-4F61-A45C-46853BAAA13E}.Release|Any CPU.ActiveCfg = Release|Any CPU
		{B28DED15-B04C-4F61-A45C-46853BAAA13E}.Release|Any CPU.Build.0 = Release|Any CPU
		{F433F9F7-BAD9-41A9-8BCA-9A0C933DFCEF}.Debug|Any CPU.ActiveCfg = Debug|Any CPU
		{F433F9F7-BAD9-41A9-8BCA-9A0C933DFCEF}.Debug|Any CPU.Build.0 = Debug|Any CPU
		{F433F9F7-BAD9-41A9-8BCA-9A0C933DFCEF}.Release|Any CPU.ActiveCfg = Release|Any CPU
		{F433F9F7-BAD9-41A9-8BCA-9A0C933DFCEF}.Release|Any CPU.Build.0 = Release|Any CPU
	EndGlobalSection
	GlobalSection(SolutionProperties) = preSolution
		HideSolutionNode = FALSE
	EndGlobalSection
	GlobalSection(ExtensibilityGlobals) = postSolution
		SolutionGuid = {0583AB9E-545C-45F5-98D8-7E13FA936256}
	EndGlobalSection
EndGlobal
