
Microsoft Visual Studio Solution File, Format Version 12.00
# Visual Studio Version 17
VisualStudioVersion = 17.0.31919.166
MinimumVisualStudioVersion = 10.0.40219.1
Project("{FAE04EC0-301F-11D3-BF4B-00C04F79EFBC}") = "Guia_Ejercicio5", "Guia_Ejercicio5.csproj", "{7967D344-5237-48DA-9DFD-12BEFBE763CB}"
EndProject
Global
	GlobalSection(SolutionConfigurationPlatforms) = preSolution
		Debug|Any CPU = Debug|Any CPU
		Release|Any CPU = Release|Any CPU
	EndGlobalSection
	GlobalSection(ProjectConfigurationPlatforms) = postSolution
		{7967D344-5237-48DA-9DFD-12BEFBE763CB}.Debug|Any CPU.ActiveCfg = Debug|Any CPU
		{7967D344-5237-48DA-9DFD-12BEFBE763CB}.Debug|Any CPU.Build.0 = Debug|Any CPU
		{7967D344-5237-48DA-9DFD-12BEFBE763CB}.Release|Any CPU.ActiveCfg = Release|Any CPU
		{7967D344-5237-48DA-9DFD-12BEFBE763CB}.Release|Any CPU.Build.0 = Release|Any CPU
	EndGlobalSection
	GlobalSection(SolutionProperties) = preSolution
		HideSolutionNode = FALSE
	EndGlobalSection
	GlobalSection(ExtensibilityGlobals) = postSolution
		SolutionGuid = {5E14D43C-F305-4DE2-A857-ADEC24F31090}
	EndGlobalSection
EndGlobal
