
Microsoft Visual Studio Solution File, Format Version 12.00
# Visual Studio Version 17
VisualStudioVersion = 17.1.32210.238
MinimumVisualStudioVersion = 10.0.40219.1
Project("{FAE04EC0-301F-11D3-BF4B-00C04F79EFBC}") = "Guia_Archivos_Ej03", "Guia_Archivos_Ej03\Guia_Archivos_Ej03.csproj", "{153EFA57-3633-4E9E-8886-16D8FAF373FD}"
EndProject
Global
	GlobalSection(SolutionConfigurationPlatforms) = preSolution
		Debug|Any CPU = Debug|Any CPU
		Release|Any CPU = Release|Any CPU
	EndGlobalSection
	GlobalSection(ProjectConfigurationPlatforms) = postSolution
		{153EFA57-3633-4E9E-8886-16D8FAF373FD}.Debug|Any CPU.ActiveCfg = Debug|Any CPU
		{153EFA57-3633-4E9E-8886-16D8FAF373FD}.Debug|Any CPU.Build.0 = Debug|Any CPU
		{153EFA57-3633-4E9E-8886-16D8FAF373FD}.Release|Any CPU.ActiveCfg = Release|Any CPU
		{153EFA57-3633-4E9E-8886-16D8FAF373FD}.Release|Any CPU.Build.0 = Release|Any CPU
	EndGlobalSection
	GlobalSection(SolutionProperties) = preSolution
		HideSolutionNode = FALSE
	EndGlobalSection
	GlobalSection(ExtensibilityGlobals) = postSolution
		SolutionGuid = {D33702E4-D62A-4E29-8C6A-A2DBBC6F5230}
	EndGlobalSection
EndGlobal
