
Microsoft Visual Studio Solution File, Format Version 12.00
# Visual Studio Version 17
VisualStudioVersion = 17.0.31919.166
MinimumVisualStudioVersion = 10.0.40219.1
Project("{FAE04EC0-301F-11D3-BF4B-00C04F79EFBC}") = "Guia_Colecciones_Ej02", "Guia_Colecciones_Ej02\Guia_Colecciones_Ej02.csproj", "{6799C5A1-2256-4B45-A50D-09B5F5B2E46C}"
EndProject
Global
	GlobalSection(SolutionConfigurationPlatforms) = preSolution
		Debug|Any CPU = Debug|Any CPU
		Release|Any CPU = Release|Any CPU
	EndGlobalSection
	GlobalSection(ProjectConfigurationPlatforms) = postSolution
		{6799C5A1-2256-4B45-A50D-09B5F5B2E46C}.Debug|Any CPU.ActiveCfg = Debug|Any CPU
		{6799C5A1-2256-4B45-A50D-09B5F5B2E46C}.Debug|Any CPU.Build.0 = Debug|Any CPU
		{6799C5A1-2256-4B45-A50D-09B5F5B2E46C}.Release|Any CPU.ActiveCfg = Release|Any CPU
		{6799C5A1-2256-4B45-A50D-09B5F5B2E46C}.Release|Any CPU.Build.0 = Release|Any CPU
	EndGlobalSection
	GlobalSection(SolutionProperties) = preSolution
		HideSolutionNode = FALSE
	EndGlobalSection
	GlobalSection(ExtensibilityGlobals) = postSolution
		SolutionGuid = {1E280A5C-C5C6-423C-A09B-1AFBF0A2DC02}
	EndGlobalSection
EndGlobal
