
Microsoft Visual Studio Solution File, Format Version 12.00
# Visual Studio Version 17
VisualStudioVersion = 17.0.31919.166
MinimumVisualStudioVersion = 10.0.40219.1
Project("{FAE04EC0-301F-11D3-BF4B-00C04F79EFBC}") = "Guia_WindowsForm_EjC03", "Guia_WindowsForm_EjC03\Guia_WindowsForm_EjC03.csproj", "{8E3F48ED-CF2E-40E5-B839-A25800EF466E}"
EndProject
Project("{FAE04EC0-301F-11D3-BF4B-00C04F79EFBC}") = "Entidades_Conversor", "Entidades_Conversor\Entidades_Conversor.csproj", "{23FCF614-28C3-4C18-912A-701CE218E4CE}"
EndProject
Global
	GlobalSection(SolutionConfigurationPlatforms) = preSolution
		Debug|Any CPU = Debug|Any CPU
		Release|Any CPU = Release|Any CPU
	EndGlobalSection
	GlobalSection(ProjectConfigurationPlatforms) = postSolution
		{8E3F48ED-CF2E-40E5-B839-A25800EF466E}.Debug|Any CPU.ActiveCfg = Debug|Any CPU
		{8E3F48ED-CF2E-40E5-B839-A25800EF466E}.Debug|Any CPU.Build.0 = Debug|Any CPU
		{8E3F48ED-CF2E-40E5-B839-A25800EF466E}.Release|Any CPU.ActiveCfg = Release|Any CPU
		{8E3F48ED-CF2E-40E5-B839-A25800EF466E}.Release|Any CPU.Build.0 = Release|Any CPU
		{23FCF614-28C3-4C18-912A-701CE218E4CE}.Debug|Any CPU.ActiveCfg = Debug|Any CPU
		{23FCF614-28C3-4C18-912A-701CE218E4CE}.Debug|Any CPU.Build.0 = Debug|Any CPU
		{23FCF614-28C3-4C18-912A-701CE218E4CE}.Release|Any CPU.ActiveCfg = Release|Any CPU
		{23FCF614-28C3-4C18-912A-701CE218E4CE}.Release|Any CPU.Build.0 = Release|Any CPU
	EndGlobalSection
	GlobalSection(SolutionProperties) = preSolution
		HideSolutionNode = FALSE
	EndGlobalSection
	GlobalSection(ExtensibilityGlobals) = postSolution
		SolutionGuid = {5C6BE05C-CF95-4042-97B3-10D9B1CCACDD}
	EndGlobalSection
EndGlobal
