
Microsoft Visual Studio Solution File, Format Version 12.00
# Visual Studio Version 17
VisualStudioVersion = 17.0.31919.166
MinimumVisualStudioVersion = 10.0.40219.1
Project("{FAE04EC0-301F-11D3-BF4B-00C04F79EFBC}") = "Guia.CyMEstaticos_ej01", "Guia.CyMEstaticos_ej01.csproj", "{714105C1-5309-4B2D-B288-3900B6BBEA29}"
EndProject
Global
	GlobalSection(SolutionConfigurationPlatforms) = preSolution
		Debug|Any CPU = Debug|Any CPU
		Release|Any CPU = Release|Any CPU
	EndGlobalSection
	GlobalSection(ProjectConfigurationPlatforms) = postSolution
		{714105C1-5309-4B2D-B288-3900B6BBEA29}.Debug|Any CPU.ActiveCfg = Debug|Any CPU
		{714105C1-5309-4B2D-B288-3900B6BBEA29}.Debug|Any CPU.Build.0 = Debug|Any CPU
		{714105C1-5309-4B2D-B288-3900B6BBEA29}.Release|Any CPU.ActiveCfg = Release|Any CPU
		{714105C1-5309-4B2D-B288-3900B6BBEA29}.Release|Any CPU.Build.0 = Release|Any CPU
	EndGlobalSection
	GlobalSection(SolutionProperties) = preSolution
		HideSolutionNode = FALSE
	EndGlobalSection
	GlobalSection(ExtensibilityGlobals) = postSolution
		SolutionGuid = {3E6BD579-D5F4-4185-89FB-A23A744851CE}
	EndGlobalSection
EndGlobal
