
Microsoft Visual Studio Solution File, Format Version 12.00
# Visual Studio Version 17
VisualStudioVersion = 17.0.31919.166
MinimumVisualStudioVersion = 10.0.40219.1
Project("{FAE04EC0-301F-11D3-BF4B-00C04F79EFBC}") = "Guia_Excepciones_EjC02", "Guia_Excepciones_EjC02\Guia_Excepciones_EjC02.csproj", "{02EF061F-D029-48F5-A9F8-E612CE5E3496}"
EndProject
Project("{FAE04EC0-301F-11D3-BF4B-00C04F79EFBC}") = "Consola_Excepciones_EjC02", "Consola_Excepciones_EjC02\Consola_Excepciones_EjC02.csproj", "{A75607F4-B4BA-47D7-82E8-21489BDBC996}"
EndProject
Global
	GlobalSection(SolutionConfigurationPlatforms) = preSolution
		Debug|Any CPU = Debug|Any CPU
		Release|Any CPU = Release|Any CPU
	EndGlobalSection
	GlobalSection(ProjectConfigurationPlatforms) = postSolution
		{02EF061F-D029-48F5-A9F8-E612CE5E3496}.Debug|Any CPU.ActiveCfg = Debug|Any CPU
		{02EF061F-D029-48F5-A9F8-E612CE5E3496}.Debug|Any CPU.Build.0 = Debug|Any CPU
		{02EF061F-D029-48F5-A9F8-E612CE5E3496}.Release|Any CPU.ActiveCfg = Release|Any CPU
		{02EF061F-D029-48F5-A9F8-E612CE5E3496}.Release|Any CPU.Build.0 = Release|Any CPU
		{A75607F4-B4BA-47D7-82E8-21489BDBC996}.Debug|Any CPU.ActiveCfg = Debug|Any CPU
		{A75607F4-B4BA-47D7-82E8-21489BDBC996}.Debug|Any CPU.Build.0 = Debug|Any CPU
		{A75607F4-B4BA-47D7-82E8-21489BDBC996}.Release|Any CPU.ActiveCfg = Release|Any CPU
		{A75607F4-B4BA-47D7-82E8-21489BDBC996}.Release|Any CPU.Build.0 = Release|Any CPU
	EndGlobalSection
	GlobalSection(SolutionProperties) = preSolution
		HideSolutionNode = FALSE
	EndGlobalSection
	GlobalSection(ExtensibilityGlobals) = postSolution
		SolutionGuid = {2064AF77-5E27-41DE-9055-4A83CAEF71F9}
	EndGlobalSection
EndGlobal
