
Microsoft Visual Studio Solution File, Format Version 12.00
# Visual Studio Version 17
VisualStudioVersion = 17.0.31919.166
MinimumVisualStudioVersion = 10.0.40219.1
Project("{FAE04EC0-301F-11D3-BF4B-00C04F79EFBC}") = "Guia_Excepciones_Ej02", "Guia_Excepciones_Ej02\Guia_Excepciones_Ej02.csproj", "{A85A98BE-0FE1-4ABD-9A9C-49A7B1EC8BE9}"
EndProject
Project("{FAE04EC0-301F-11D3-BF4B-00C04F79EFBC}") = "Entidades_Excepciones_Ej02", "Entidades_Excepciones_Ej02\Entidades_Excepciones_Ej02.csproj", "{B9BEEBAC-0557-4A94-905D-5757970C9D1E}"
EndProject
Global
	GlobalSection(SolutionConfigurationPlatforms) = preSolution
		Debug|Any CPU = Debug|Any CPU
		Release|Any CPU = Release|Any CPU
	EndGlobalSection
	GlobalSection(ProjectConfigurationPlatforms) = postSolution
		{A85A98BE-0FE1-4ABD-9A9C-49A7B1EC8BE9}.Debug|Any CPU.ActiveCfg = Debug|Any CPU
		{A85A98BE-0FE1-4ABD-9A9C-49A7B1EC8BE9}.Debug|Any CPU.Build.0 = Debug|Any CPU
		{A85A98BE-0FE1-4ABD-9A9C-49A7B1EC8BE9}.Release|Any CPU.ActiveCfg = Release|Any CPU
		{A85A98BE-0FE1-4ABD-9A9C-49A7B1EC8BE9}.Release|Any CPU.Build.0 = Release|Any CPU
		{B9BEEBAC-0557-4A94-905D-5757970C9D1E}.Debug|Any CPU.ActiveCfg = Debug|Any CPU
		{B9BEEBAC-0557-4A94-905D-5757970C9D1E}.Debug|Any CPU.Build.0 = Debug|Any CPU
		{B9BEEBAC-0557-4A94-905D-5757970C9D1E}.Release|Any CPU.ActiveCfg = Release|Any CPU
		{B9BEEBAC-0557-4A94-905D-5757970C9D1E}.Release|Any CPU.Build.0 = Release|Any CPU
	EndGlobalSection
	GlobalSection(SolutionProperties) = preSolution
		HideSolutionNode = FALSE
	EndGlobalSection
	GlobalSection(ExtensibilityGlobals) = postSolution
		SolutionGuid = {BC5F07F7-60B9-4EAD-B409-938BECEBBB92}
	EndGlobalSection
EndGlobal
