
Microsoft Visual Studio Solution File, Format Version 12.00
# Visual Studio Version 17
VisualStudioVersion = 17.0.31919.166
MinimumVisualStudioVersion = 10.0.40219.1
Project("{9A19103F-16F7-4668-BE54-9A1E7A4F7556}") = "Guia_OOP_Ej01", "Guia_OOP_Ej01.csproj", "{57DB41BA-F207-4202-AA40-827DB97D74C9}"
EndProject
Project("{FAE04EC0-301F-11D3-BF4B-00C04F79EFBC}") = "Entidades", "..\Entidades\Entidades.csproj", "{06BC03C4-4B5C-4CB9-AE1F-638918226B13}"
EndProject
Global
	GlobalSection(SolutionConfigurationPlatforms) = preSolution
		Debug|Any CPU = Debug|Any CPU
		Release|Any CPU = Release|Any CPU
	EndGlobalSection
	GlobalSection(ProjectConfigurationPlatforms) = postSolution
		{57DB41BA-F207-4202-AA40-827DB97D74C9}.Debug|Any CPU.ActiveCfg = Debug|Any CPU
		{57DB41BA-F207-4202-AA40-827DB97D74C9}.Debug|Any CPU.Build.0 = Debug|Any CPU
		{57DB41BA-F207-4202-AA40-827DB97D74C9}.Release|Any CPU.ActiveCfg = Release|Any CPU
		{57DB41BA-F207-4202-AA40-827DB97D74C9}.Release|Any CPU.Build.0 = Release|Any CPU
		{06BC03C4-4B5C-4CB9-AE1F-638918226B13}.Debug|Any CPU.ActiveCfg = Debug|Any CPU
		{06BC03C4-4B5C-4CB9-AE1F-638918226B13}.Debug|Any CPU.Build.0 = Debug|Any CPU
		{06BC03C4-4B5C-4CB9-AE1F-638918226B13}.Release|Any CPU.ActiveCfg = Release|Any CPU
		{06BC03C4-4B5C-4CB9-AE1F-638918226B13}.Release|Any CPU.Build.0 = Release|Any CPU
	EndGlobalSection
	GlobalSection(SolutionProperties) = preSolution
		HideSolutionNode = FALSE
	EndGlobalSection
	GlobalSection(ExtensibilityGlobals) = postSolution
		SolutionGuid = {DC288631-4DDC-4C10-8C4C-AC50083FECDF}
	EndGlobalSection
EndGlobal
