
Microsoft Visual Studio Solution File, Format Version 12.00
# Visual Studio Version 17
VisualStudioVersion = 17.0.31919.166
MinimumVisualStudioVersion = 10.0.40219.1
Project("{FAE04EC0-301F-11D3-BF4B-00C04F79EFBC}") = "Guia.CyMEstaticos_Ej07", "Guia.CyMEstaticos_Ej07.csproj", "{F948CFD9-B472-4074-8C46-5D1D423CAC20}"
EndProject
Global
	GlobalSection(SolutionConfigurationPlatforms) = preSolution
		Debug|Any CPU = Debug|Any CPU
		Release|Any CPU = Release|Any CPU
	EndGlobalSection
	GlobalSection(ProjectConfigurationPlatforms) = postSolution
		{F948CFD9-B472-4074-8C46-5D1D423CAC20}.Debug|Any CPU.ActiveCfg = Debug|Any CPU
		{F948CFD9-B472-4074-8C46-5D1D423CAC20}.Debug|Any CPU.Build.0 = Debug|Any CPU
		{F948CFD9-B472-4074-8C46-5D1D423CAC20}.Release|Any CPU.ActiveCfg = Release|Any CPU
		{F948CFD9-B472-4074-8C46-5D1D423CAC20}.Release|Any CPU.Build.0 = Release|Any CPU
	EndGlobalSection
	GlobalSection(SolutionProperties) = preSolution
		HideSolutionNode = FALSE
	EndGlobalSection
	GlobalSection(ExtensibilityGlobals) = postSolution
		SolutionGuid = {D679ED31-6169-4C87-9E1D-8CFB1E3B7F86}
	EndGlobalSection
EndGlobal
