
Microsoft Visual Studio Solution File, Format Version 12.00
# Visual Studio Version 17
VisualStudioVersion = 17.0.31919.166
MinimumVisualStudioVersion = 10.0.40219.1
Project("{FAE04EC0-301F-11D3-BF4B-00C04F79EFBC}") = "Guia_Generics_EjC01", "Guia_Generics_EjC01\Guia_Generics_EjC01.csproj", "{BEFC84A8-11FD-47E4-A9A7-1974ADCD63A5}"
EndProject
Project("{FAE04EC0-301F-11D3-BF4B-00C04F79EFBC}") = "Console_Generics_EjC01", "Console_Generics_EjC01\Console_Generics_EjC01.csproj", "{733E40D5-7439-4A1F-A60F-B2E6CBEC714A}"
EndProject
Global
	GlobalSection(SolutionConfigurationPlatforms) = preSolution
		Debug|Any CPU = Debug|Any CPU
		Release|Any CPU = Release|Any CPU
	EndGlobalSection
	GlobalSection(ProjectConfigurationPlatforms) = postSolution
		{BEFC84A8-11FD-47E4-A9A7-1974ADCD63A5}.Debug|Any CPU.ActiveCfg = Debug|Any CPU
		{BEFC84A8-11FD-47E4-A9A7-1974ADCD63A5}.Debug|Any CPU.Build.0 = Debug|Any CPU
		{BEFC84A8-11FD-47E4-A9A7-1974ADCD63A5}.Release|Any CPU.ActiveCfg = Release|Any CPU
		{BEFC84A8-11FD-47E4-A9A7-1974ADCD63A5}.Release|Any CPU.Build.0 = Release|Any CPU
		{733E40D5-7439-4A1F-A60F-B2E6CBEC714A}.Debug|Any CPU.ActiveCfg = Debug|Any CPU
		{733E40D5-7439-4A1F-A60F-B2E6CBEC714A}.Debug|Any CPU.Build.0 = Debug|Any CPU
		{733E40D5-7439-4A1F-A60F-B2E6CBEC714A}.Release|Any CPU.ActiveCfg = Release|Any CPU
		{733E40D5-7439-4A1F-A60F-B2E6CBEC714A}.Release|Any CPU.Build.0 = Release|Any CPU
	EndGlobalSection
	GlobalSection(SolutionProperties) = preSolution
		HideSolutionNode = FALSE
	EndGlobalSection
	GlobalSection(ExtensibilityGlobals) = postSolution
		SolutionGuid = {F9959C0E-8E06-408C-BE69-10CA5D4E7703}
	EndGlobalSection
EndGlobal
