
Microsoft Visual Studio Solution File, Format Version 12.00
# Visual Studio Version 17
VisualStudioVersion = 17.0.31919.166
MinimumVisualStudioVersion = 10.0.40219.1
Project("{FAE04EC0-301F-11D3-BF4B-00C04F79EFBC}") = "Guia_WindowsForm_EjC02", "Guia_WindowsForm_EjC02\Guia_WindowsForm_EjC02.csproj", "{0A1DC745-363A-491F-B783-503A50252213}"
EndProject
Project("{FAE04EC0-301F-11D3-BF4B-00C04F79EFBC}") = "Entidades_Vulcano", "Entidades_Vulcano\Entidades_Vulcano.csproj", "{5CB3743E-2793-43D5-8385-AF0CB2DD3F8B}"
EndProject
Global
	GlobalSection(SolutionConfigurationPlatforms) = preSolution
		Debug|Any CPU = Debug|Any CPU
		Release|Any CPU = Release|Any CPU
	EndGlobalSection
	GlobalSection(ProjectConfigurationPlatforms) = postSolution
		{0A1DC745-363A-491F-B783-503A50252213}.Debug|Any CPU.ActiveCfg = Debug|Any CPU
		{0A1DC745-363A-491F-B783-503A50252213}.Debug|Any CPU.Build.0 = Debug|Any CPU
		{0A1DC745-363A-491F-B783-503A50252213}.Release|Any CPU.ActiveCfg = Release|Any CPU
		{0A1DC745-363A-491F-B783-503A50252213}.Release|Any CPU.Build.0 = Release|Any CPU
		{5CB3743E-2793-43D5-8385-AF0CB2DD3F8B}.Debug|Any CPU.ActiveCfg = Debug|Any CPU
		{5CB3743E-2793-43D5-8385-AF0CB2DD3F8B}.Debug|Any CPU.Build.0 = Debug|Any CPU
		{5CB3743E-2793-43D5-8385-AF0CB2DD3F8B}.Release|Any CPU.ActiveCfg = Release|Any CPU
		{5CB3743E-2793-43D5-8385-AF0CB2DD3F8B}.Release|Any CPU.Build.0 = Release|Any CPU
	EndGlobalSection
	GlobalSection(SolutionProperties) = preSolution
		HideSolutionNode = FALSE
	EndGlobalSection
	GlobalSection(ExtensibilityGlobals) = postSolution
		SolutionGuid = {284FC0AA-C8EE-4455-86E7-FC6FC622ADD4}
	EndGlobalSection
EndGlobal
