
Microsoft Visual Studio Solution File, Format Version 12.00
# Visual Studio Version 17
VisualStudioVersion = 17.0.31919.166
MinimumVisualStudioVersion = 10.0.40219.1
Project("{FAE04EC0-301F-11D3-BF4B-00C04F79EFBC}") = "Guia_Generics_Ej01", "Guia_Generics_Ej01\Guia_Generics_Ej01.csproj", "{F6651EDE-794D-4291-97DC-88317965D8B1}"
EndProject
Project("{FAE04EC0-301F-11D3-BF4B-00C04F79EFBC}") = "Consola_Generisc_Ej01", "Consola_Generisc_Ej01\Consola_Generisc_Ej01.csproj", "{DEEF8D7E-3D37-4DB6-A88F-0C44286DF984}"
EndProject
Global
	GlobalSection(SolutionConfigurationPlatforms) = preSolution
		Debug|Any CPU = Debug|Any CPU
		Release|Any CPU = Release|Any CPU
	EndGlobalSection
	GlobalSection(ProjectConfigurationPlatforms) = postSolution
		{F6651EDE-794D-4291-97DC-88317965D8B1}.Debug|Any CPU.ActiveCfg = Debug|Any CPU
		{F6651EDE-794D-4291-97DC-88317965D8B1}.Debug|Any CPU.Build.0 = Debug|Any CPU
		{F6651EDE-794D-4291-97DC-88317965D8B1}.Release|Any CPU.ActiveCfg = Release|Any CPU
		{F6651EDE-794D-4291-97DC-88317965D8B1}.Release|Any CPU.Build.0 = Release|Any CPU
		{DEEF8D7E-3D37-4DB6-A88F-0C44286DF984}.Debug|Any CPU.ActiveCfg = Debug|Any CPU
		{DEEF8D7E-3D37-4DB6-A88F-0C44286DF984}.Debug|Any CPU.Build.0 = Debug|Any CPU
		{DEEF8D7E-3D37-4DB6-A88F-0C44286DF984}.Release|Any CPU.ActiveCfg = Release|Any CPU
		{DEEF8D7E-3D37-4DB6-A88F-0C44286DF984}.Release|Any CPU.Build.0 = Release|Any CPU
	EndGlobalSection
	GlobalSection(SolutionProperties) = preSolution
		HideSolutionNode = FALSE
	EndGlobalSection
	GlobalSection(ExtensibilityGlobals) = postSolution
		SolutionGuid = {CA991E0A-6BA8-491F-84FA-6C22A3C02E57}
	EndGlobalSection
EndGlobal
