
Microsoft Visual Studio Solution File, Format Version 12.00
# Visual Studio Version 17
VisualStudioVersion = 17.0.31919.166
MinimumVisualStudioVersion = 10.0.40219.1
Project("{FAE04EC0-301F-11D3-BF4B-00C04F79EFBC}") = "Guia_Encapsulamiento_EjC01", "Guia_Encapsulamiento_EjC01\Guia_Encapsulamiento_EjC01.csproj", "{C7C3A00A-5799-4B13-8961-2C4E3DE0F421}"
EndProject
Project("{FAE04EC0-301F-11D3-BF4B-00C04F79EFBC}") = "Consola_Encapsulamiento_EjC01", "Consola_Encapsulamiento_EjC01\Consola_Encapsulamiento_EjC01.csproj", "{9BC639E0-EE98-4098-958D-738A9D0B50C2}"
EndProject
Global
	GlobalSection(SolutionConfigurationPlatforms) = preSolution
		Debug|Any CPU = Debug|Any CPU
		Release|Any CPU = Release|Any CPU
	EndGlobalSection
	GlobalSection(ProjectConfigurationPlatforms) = postSolution
		{C7C3A00A-5799-4B13-8961-2C4E3DE0F421}.Debug|Any CPU.ActiveCfg = Debug|Any CPU
		{C7C3A00A-5799-4B13-8961-2C4E3DE0F421}.Debug|Any CPU.Build.0 = Debug|Any CPU
		{C7C3A00A-5799-4B13-8961-2C4E3DE0F421}.Release|Any CPU.ActiveCfg = Release|Any CPU
		{C7C3A00A-5799-4B13-8961-2C4E3DE0F421}.Release|Any CPU.Build.0 = Release|Any CPU
		{9BC639E0-EE98-4098-958D-738A9D0B50C2}.Debug|Any CPU.ActiveCfg = Debug|Any CPU
		{9BC639E0-EE98-4098-958D-738A9D0B50C2}.Debug|Any CPU.Build.0 = Debug|Any CPU
		{9BC639E0-EE98-4098-958D-738A9D0B50C2}.Release|Any CPU.ActiveCfg = Release|Any CPU
		{9BC639E0-EE98-4098-958D-738A9D0B50C2}.Release|Any CPU.Build.0 = Release|Any CPU
	EndGlobalSection
	GlobalSection(SolutionProperties) = preSolution
		HideSolutionNode = FALSE
	EndGlobalSection
	GlobalSection(ExtensibilityGlobals) = postSolution
		SolutionGuid = {FCB5932C-9C03-4659-8AEA-8A4E7E7B537E}
	EndGlobalSection
EndGlobal
